// !$*UTF8*$!
{
	archiveVersion = 1;
	classes = {
	};
	objectVersion = 56;
	objects = {

/* Begin PBXBuildFile section */
		0D51333429F97E7900E7F650 /* Encuesta_TuberculosisApp.swift in Sources */ = {isa = PBXBuildFile; fileRef = 0D51333329F97E7900E7F650 /* Encuesta_TuberculosisApp.swift */; };
		0D51333629F97E7900E7F650 /* ContentView.swift in Sources */ = {isa = PBXBuildFile; fileRef = 0D51333529F97E7900E7F650 /* ContentView.swift */; };
		0D51333829F97E7A00E7F650 /* Assets.xcassets in Resources */ = {isa = PBXBuildFile; fileRef = 0D51333729F97E7A00E7F650 /* Assets.xcassets */; };
		0D51333B29F97E7A00E7F650 /* Preview Assets.xcassets in Resources */ = {isa = PBXBuildFile; fileRef = 0D51333A29F97E7A00E7F650 /* Preview Assets.xcassets */; };
		0D51333D29F97E7A00E7F650 /* Persistence.swift in Sources */ = {isa = PBXBuildFile; fileRef = 0D51333C29F97E7A00E7F650 /* Persistence.swift */; };
		0D51334029F97E7A00E7F650 /* Encuesta_Tuberculosis.xcdatamodeld in Sources */ = {isa = PBXBuildFile; fileRef = 0D51333E29F97E7A00E7F650 /* Encuesta_Tuberculosis.xcdatamodeld */; };
		0D51334729F9805F00E7F650 /* splashScreenView.swift in Sources */ = {isa = PBXBuildFile; fileRef = 0D51334629F9805F00E7F650 /* splashScreenView.swift */; };
		0D51334929F986C400E7F650 /* PantallaSigView.swift in Sources */ = {isa = PBXBuildFile; fileRef = 0D51334829F986C400E7F650 /* PantallaSigView.swift */; };
		0D51334D29F9921500E7F650 /* PresentacionView.swift in Sources */ = {isa = PBXBuildFile; fileRef = 0D51334C29F9921500E7F650 /* PresentacionView.swift */; };
		0D9D3A3429F9A84D00DA9741 /* presentacion1View.swift in Sources */ = {isa = PBXBuildFile; fileRef = 0D9D3A3329F9A84D00DA9741 /* presentacion1View.swift */; };
		0DB8038B29F9DBD000969D16 /* presentacion3View.swift in Sources */ = {isa = PBXBuildFile; fileRef = 0DB8038729F9DBD000969D16 /* presentacion3View.swift */; };
		0DB8038C29F9DBD000969D16 /* presentacion4View.swift in Sources */ = {isa = PBXBuildFile; fileRef = 0DB8038829F9DBD000969D16 /* presentacion4View.swift */; };
		0DB8038D29F9DBD000969D16 /* presentacion5View.swift in Sources */ = {isa = PBXBuildFile; fileRef = 0DB8038929F9DBD000969D16 /* presentacion5View.swift */; };
		0DB8038E29F9DBD000969D16 /* presentacion2View.swift in Sources */ = {isa = PBXBuildFile; fileRef = 0DB8038A29F9DBD000969D16 /* presentacion2View.swift */; };
		0DB8039B29F9E5CB00969D16 /* pregunta1.swift in Sources */ = {isa = PBXBuildFile; fileRef = 0DB8039329F9E5CB00969D16 /* pregunta1.swift */; };
		0DB8039C29F9E5CB00969D16 /* pregunta3.swift in Sources */ = {isa = PBXBuildFile; fileRef = 0DB8039429F9E5CB00969D16 /* pregunta3.swift */; };
		0DB8039E29F9E5CB00969D16 /* pregunta5.swift in Sources */ = {isa = PBXBuildFile; fileRef = 0DB8039629F9E5CB00969D16 /* pregunta5.swift */; };
		0DB8039F29F9E5CB00969D16 /* pregunta2.swift in Sources */ = {isa = PBXBuildFile; fileRef = 0DB8039729F9E5CB00969D16 /* pregunta2.swift */; };
		0DB803A029F9E5CB00969D16 /* pregunta4.swift in Sources */ = {isa = PBXBuildFile; fileRef = 0DB8039829F9E5CB00969D16 /* pregunta4.swift */; };
		0DB803A129F9E5CB00969D16 /* pregunta 2.1.swift in Sources */ = {isa = PBXBuildFile; fileRef = 0DB8039929F9E5CB00969D16 /* pregunta 2.1.swift */; };
		0DB803A529FA140D00969D16 /* ventanaModal.swift in Sources */ = {isa = PBXBuildFile; fileRef = 0DB803A329FA140D00969D16 /* ventanaModal.swift */; };
		0DB803A629FA140D00969D16 /* finalParticipacion.swift in Sources */ = {isa = PBXBuildFile; fileRef = 0DB803A429FA140D00969D16 /* finalParticipacion.swift */; };
/* End PBXBuildFile section */

/* Begin PBXFileReference section */
		0D51333029F97E7900E7F650 /* Encuesta Tuberculosis.app */ = {isa = PBXFileReference; explicitFileType = wrapper.application; includeInIndex = 0; path = "Encuesta Tuberculosis.app"; sourceTree = BUILT_PRODUCTS_DIR; };
		0D51333329F97E7900E7F650 /* Encuesta_TuberculosisApp.swift */ = {isa = PBXFileReference; lastKnownFileType = sourcecode.swift; path = Encuesta_TuberculosisApp.swift; sourceTree = "<group>"; };
		0D51333529F97E7900E7F650 /* ContentView.swift */ = {isa = PBXFileReference; lastKnownFileType = sourcecode.swift; path = ContentView.swift; sourceTree = "<group>"; };
		0D51333729F97E7A00E7F650 /* Assets.xcassets */ = {isa = PBXFileReference; lastKnownFileType = folder.assetcatalog; path = Assets.xcassets; sourceTree = "<group>"; };
		0D51333A29F97E7A00E7F650 /* Preview Assets.xcassets */ = {isa = PBXFileReference; lastKnownFileType = folder.assetcatalog; path = "Preview Assets.xcassets"; sourceTree = "<group>"; };
		0D51333C29F97E7A00E7F650 /* Persistence.swift */ = {isa = PBXFileReference; lastKnownFileType = sourcecode.swift; path = Persistence.swift; sourceTree = "<group>"; };
		0D51333F29F97E7A00E7F650 /* Encuesta_Tuberculosis.xcdatamodel */ = {isa = PBXFileReference; lastKnownFileType = wrapper.xcdatamodel; path = Encuesta_Tuberculosis.xcdatamodel; sourceTree = "<group>"; };
		0D51334629F9805F00E7F650 /* splashScreenView.swift */ = {isa = PBXFileReference; lastKnownFileType = sourcecode.swift; path = splashScreenView.swift; sourceTree = "<group>"; };
		0D51334829F986C400E7F650 /* PantallaSigView.swift */ = {isa = PBXFileReference; lastKnownFileType = sourcecode.swift; path = PantallaSigView.swift; sourceTree = "<group>"; };
		0D51334C29F9921500E7F650 /* PresentacionView.swift */ = {isa = PBXFileReference; lastKnownFileType = sourcecode.swift; path = PresentacionView.swift; sourceTree = "<group>"; };
		0D9D3A3329F9A84D00DA9741 /* presentacion1View.swift */ = {isa = PBXFileReference; lastKnownFileType = sourcecode.swift; path = presentacion1View.swift; sourceTree = "<group>"; };
		0DB8038729F9DBD000969D16 /* presentacion3View.swift */ = {isa = PBXFileReference; fileEncoding = 4; lastKnownFileType = sourcecode.swift; path = presentacion3View.swift; sourceTree = "<group>"; };
		0DB8038829F9DBD000969D16 /* presentacion4View.swift */ = {isa = PBXFileReference; fileEncoding = 4; lastKnownFileType = sourcecode.swift; path = presentacion4View.swift; sourceTree = "<group>"; };
		0DB8038929F9DBD000969D16 /* presentacion5View.swift */ = {isa = PBXFileReference; fileEncoding = 4; lastKnownFileType = sourcecode.swift; path = presentacion5View.swift; sourceTree = "<group>"; };
		0DB8038A29F9DBD000969D16 /* presentacion2View.swift */ = {isa = PBXFileReference; fileEncoding = 4; lastKnownFileType = sourcecode.swift; path = presentacion2View.swift; sourceTree = "<group>"; };
		0DB8039329F9E5CB00969D16 /* pregunta1.swift */ = {isa = PBXFileReference; fileEncoding = 4; lastKnownFileType = sourcecode.swift; path = pregunta1.swift; sourceTree = "<group>"; };
		0DB8039429F9E5CB00969D16 /* pregunta3.swift */ = {isa = PBXFileReference; fileEncoding = 4; lastKnownFileType = sourcecode.swift; path = pregunta3.swift; sourceTree = "<group>"; };
		0DB8039629F9E5CB00969D16 /* pregunta5.swift */ = {isa = PBXFileReference; fileEncoding = 4; lastKnownFileType = sourcecode.swift; path = pregunta5.swift; sourceTree = "<group>"; };
		0DB8039729F9E5CB00969D16 /* pregunta2.swift */ = {isa = PBXFileReference; fileEncoding = 4; lastKnownFileType = sourcecode.swift; path = pregunta2.swift; sourceTree = "<group>"; };
		0DB8039829F9E5CB00969D16 /* pregunta4.swift */ = {isa = PBXFileReference; fileEncoding = 4; lastKnownFileType = sourcecode.swift; path = pregunta4.swift; sourceTree = "<group>"; };
		0DB8039929F9E5CB00969D16 /* pregunta 2.1.swift */ = {isa = PBXFileReference; fileEncoding = 4; lastKnownFileType = sourcecode.swift; path = "pregunta 2.1.swift"; sourceTree = "<group>"; };
		0DB803A329FA140D00969D16 /* ventanaModal.swift */ = {isa = PBXFileReference; fileEncoding = 4; lastKnownFileType = sourcecode.swift; path = ventanaModal.swift; sourceTree = "<group>"; };
		0DB803A429FA140D00969D16 /* finalParticipacion.swift */ = {isa = PBXFileReference; fileEncoding = 4; lastKnownFileType = sourcecode.swift; path = finalParticipacion.swift; sourceTree = "<group>"; };
/* End PBXFileReference section */

/* Begin PBXFrameworksBuildPhase section */
		0D51332D29F97E7900E7F650 /* Frameworks */ = {
			isa = PBXFrameworksBuildPhase;
			buildActionMask = 2147483647;
			files = (
			);
			runOnlyForDeploymentPostprocessing = 0;
		};
/* End PBXFrameworksBuildPhase section */

/* Begin PBXGroup section */
		0D51332729F97E7900E7F650 = {
			isa = PBXGroup;
			children = (
				0D51333229F97E7900E7F650 /* Encuesta Tuberculosis */,
				0D51333129F97E7900E7F650 /* Products */,
			);
			sourceTree = "<group>";
		};
		0D51333129F97E7900E7F650 /* Products */ = {
			isa = PBXGroup;
			children = (
				0D51333029F97E7900E7F650 /* Encuesta Tuberculosis.app */,
			);
			name = Products;
			sourceTree = "<group>";
		};
		0D51333229F97E7900E7F650 /* Encuesta Tuberculosis */ = {
			isa = PBXGroup;
			children = (
				0DB8039229F9E5CB00969D16 /* PPreguntas */,
				0D9D3A3229F9A7D800DA9741 /* Informacion */,
				0D51333329F97E7900E7F650 /* Encuesta_TuberculosisApp.swift */,
				0D51333529F97E7900E7F650 /* ContentView.swift */,
				0D51334829F986C400E7F650 /* PantallaSigView.swift */,
				0D51333729F97E7A00E7F650 /* Assets.xcassets */,
				0D51333C29F97E7A00E7F650 /* Persistence.swift */,
				0D51333E29F97E7A00E7F650 /* Encuesta_Tuberculosis.xcdatamodeld */,
				0D51333929F97E7A00E7F650 /* Preview Content */,
				0D51334629F9805F00E7F650 /* splashScreenView.swift */,
			);
			path = "Encuesta Tuberculosis";
			sourceTree = "<group>";
		};
		0D51333929F97E7A00E7F650 /* Preview Content */ = {
			isa = PBXGroup;
			children = (
				0D51333A29F97E7A00E7F650 /* Preview Assets.xcassets */,
			);
			path = "Preview Content";
			sourceTree = "<group>";
		};
		0D9D3A3229F9A7D800DA9741 /* Informacion */ = {
			isa = PBXGroup;
			children = (
				0D51334C29F9921500E7F650 /* PresentacionView.swift */,
				0D9D3A3329F9A84D00DA9741 /* presentacion1View.swift */,
				0DB8038A29F9DBD000969D16 /* presentacion2View.swift */,
				0DB8038729F9DBD000969D16 /* presentacion3View.swift */,
				0DB8038829F9DBD000969D16 /* presentacion4View.swift */,
				0DB8038929F9DBD000969D16 /* presentacion5View.swift */,
			);
			path = Informacion;
			sourceTree = "<group>";
		};
		0DB8039229F9E5CB00969D16 /* PPreguntas */ = {
			isa = PBXGroup;
			children = (
				0DB8039329F9E5CB00969D16 /* pregunta1.swift */,
				0DB8039429F9E5CB00969D16 /* pregunta3.swift */,
				0DB8039629F9E5CB00969D16 /* pregunta5.swift */,
				0DB8039729F9E5CB00969D16 /* pregunta2.swift */,
				0DB8039829F9E5CB00969D16 /* pregunta4.swift */,
				0DB803A429FA140D00969D16 /* finalParticipacion.swift */,
				0DB803A329FA140D00969D16 /* ventanaModal.swift */,
				0DB8039929F9E5CB00969D16 /* pregunta 2.1.swift */,
			);
			path = PPreguntas;
			sourceTree = "<group>";
		};
/* End PBXGroup section */

/* Begin PBXNativeTarget section */
		0D51332F29F97E7900E7F650 /* Encuesta Tuberculosis */ = {
			isa = PBXNativeTarget;
			buildConfigurationList = 0D51334329F97E7A00E7F650 /* Build configuration list for PBXNativeTarget "Encuesta Tuberculosis" */;
			buildPhases = (
				0D51332C29F97E7900E7F650 /* Sources */,
				0D51332D29F97E7900E7F650 /* Frameworks */,
				0D51332E29F97E7900E7F650 /* Resources */,
			);
			buildRules = (
			);
			dependencies = (
			);
			name = "Encuesta Tuberculosis";
			productName = "Encuesta Tuberculosis";
			productReference = 0D51333029F97E7900E7F650 /* Encuesta Tuberculosis.app */;
			productType = "com.apple.product-type.application";
		};
/* End PBXNativeTarget section */

/* Begin PBXProject section */
		0D51332829F97E7900E7F650 /* Project object */ = {
			isa = PBXProject;
			attributes = {
				BuildIndependentTargetsInParallel = 1;
				LastSwiftUpdateCheck = 1430;
				LastUpgradeCheck = 1430;
				TargetAttributes = {
					0D51332F29F97E7900E7F650 = {
						CreatedOnToolsVersion = 14.3;
					};
				};
			};
			buildConfigurationList = 0D51332B29F97E7900E7F650 /* Build configuration list for PBXProject "Encuesta Tuberculosis" */;
			compatibilityVersion = "Xcode 14.0";
			developmentRegion = en;
			hasScannedForEncodings = 0;
			knownRegions = (
				en,
				Base,
			);
			mainGroup = 0D51332729F97E7900E7F650;
			productRefGroup = 0D51333129F97E7900E7F650 /* Products */;
			projectDirPath = "";
			projectRoot = "";
			targets = (
				0D51332F29F97E7900E7F650 /* Encuesta Tuberculosis */,
			);
		};
/* End PBXProject section */

/* Begin PBXResourcesBuildPhase section */
		0D51332E29F97E7900E7F650 /* Resources */ = {
			isa = PBXResourcesBuildPhase;
			buildActionMask = 2147483647;
			files = (
				0D51333B29F97E7A00E7F650 /* Preview Assets.xcassets in Resources */,
				0D51333829F97E7A00E7F650 /* Assets.xcassets in Resources */,
			);
			runOnlyForDeploymentPostprocessing = 0;
		};
/* End PBXResourcesBuildPhase section */

/* Begin PBXSourcesBuildPhase section */
		0D51332C29F97E7900E7F650 /* Sources */ = {
			isa = PBXSourcesBuildPhase;
			buildActionMask = 2147483647;
			files = (
				0D51333D29F97E7A00E7F650 /* Persistence.swift in Sources */,
				0D9D3A3429F9A84D00DA9741 /* presentacion1View.swift in Sources */,
				0DB8038E29F9DBD000969D16 /* presentacion2View.swift in Sources */,
				0DB8038C29F9DBD000969D16 /* presentacion4View.swift in Sources */,
				0DB8039E29F9E5CB00969D16 /* pregunta5.swift in Sources */,
				0D51334729F9805F00E7F650 /* splashScreenView.swift in Sources */,
				0DB803A529FA140D00969D16 /* ventanaModal.swift in Sources */,
				0DB8039F29F9E5CB00969D16 /* pregunta2.swift in Sources */,
				0DB803A129F9E5CB00969D16 /* pregunta 2.1.swift in Sources */,
				0DB8039C29F9E5CB00969D16 /* pregunta3.swift in Sources */,
				0D51334029F97E7A00E7F650 /* Encuesta_Tuberculosis.xcdatamodeld in Sources */,
				0DB8038D29F9DBD000969D16 /* presentacion5View.swift in Sources */,
				0DB8039B29F9E5CB00969D16 /* pregunta1.swift in Sources */,
				0D51334929F986C400E7F650 /* PantallaSigView.swift in Sources */,
				0D51334D29F9921500E7F650 /* PresentacionView.swift in Sources */,
				0DB803A029F9E5CB00969D16 /* pregunta4.swift in Sources */,
				0D51333629F97E7900E7F650 /* ContentView.swift in Sources */,
				0D51333429F97E7900E7F650 /* Encuesta_TuberculosisApp.swift in Sources */,
				0DB8038B29F9DBD000969D16 /* presentacion3View.swift in Sources */,
				0DB803A629FA140D00969D16 /* finalParticipacion.swift in Sources */,
			);
			runOnlyForDeploymentPostprocessing = 0;
		};
/* End PBXSourcesBuildPhase section */

/* Begin XCBuildConfiguration section */
		0D51334129F97E7A00E7F650 /* Debug */ = {
			isa = XCBuildConfiguration;
			buildSettings = {
				ALWAYS_SEARCH_USER_PATHS = NO;
				CLANG_ANALYZER_NONNULL = YES;
				CLANG_ANALYZER_NUMBER_OBJECT_CONVERSION = YES_AGGRESSIVE;
				CLANG_CXX_LANGUAGE_STANDARD = "gnu++20";
				CLANG_ENABLE_MODULES = YES;
				CLANG_ENABLE_OBJC_ARC = YES;
				CLANG_ENABLE_OBJC_WEAK = YES;
				CLANG_WARN_BLOCK_CAPTURE_AUTORELEASING = YES;
				CLANG_WARN_BOOL_CONVERSION = YES;
				CLANG_WARN_COMMA = YES;
				CLANG_WARN_CONSTANT_CONVERSION = YES;
				CLANG_WARN_DEPRECATED_OBJC_IMPLEMENTATIONS = YES;
				CLANG_WARN_DIRECT_OBJC_ISA_USAGE = YES_ERROR;
				CLANG_WARN_DOCUMENTATION_COMMENTS = YES;
				CLANG_WARN_EMPTY_BODY = YES;
				CLANG_WARN_ENUM_CONVERSION = YES;
				CLANG_WARN_INFINITE_RECURSION = YES;
				CLANG_WARN_INT_CONVERSION = YES;
				CLANG_WARN_NON_LITERAL_NULL_CONVERSION = YES;
				CLANG_WARN_OBJC_IMPLICIT_RETAIN_SELF = YES;
				CLANG_WARN_OBJC_LITERAL_CONVERSION = YES;
				CLANG_WARN_OBJC_ROOT_CLASS = YES_ERROR;
				CLANG_WARN_QUOTED_INCLUDE_IN_FRAMEWORK_HEADER = YES;
				CLANG_WARN_RANGE_LOOP_ANALYSIS = YES;
				CLANG_WARN_STRICT_PROTOTYPES = YES;
				CLANG_WARN_SUSPICIOUS_MOVE = YES;
				CLANG_WARN_UNGUARDED_AVAILABILITY = YES_AGGRESSIVE;
				CLANG_WARN_UNREACHABLE_CODE = YES;
				CLANG_WARN__DUPLICATE_METHOD_MATCH = YES;
				COPY_PHASE_STRIP = NO;
				DEBUG_INFORMATION_FORMAT = dwarf;
				ENABLE_STRICT_OBJC_MSGSEND = YES;
				ENABLE_TESTABILITY = YES;
				GCC_C_LANGUAGE_STANDARD = gnu11;
				GCC_DYNAMIC_NO_PIC = NO;
				GCC_NO_COMMON_BLOCKS = YES;
				GCC_OPTIMIZATION_LEVEL = 0;
				GCC_PREPROCESSOR_DEFINITIONS = (
					"DEBUG=1",
					"$(inherited)",
				);
				GCC_WARN_64_TO_32_BIT_CONVERSION = YES;
				GCC_WARN_ABOUT_RETURN_TYPE = YES_ERROR;
				GCC_WARN_UNDECLARED_SELECTOR = YES;
				GCC_WARN_UNINITIALIZED_AUTOS = YES_AGGRESSIVE;
				GCC_WARN_UNUSED_FUNCTION = YES;
				GCC_WARN_UNUSED_VARIABLE = YES;
				IPHONEOS_DEPLOYMENT_TARGET = 16.4;
				MTL_ENABLE_DEBUG_INFO = INCLUDE_SOURCE;
				MTL_FAST_MATH = YES;
				ONLY_ACTIVE_ARCH = YES;
				SDKROOT = iphoneos;
				SWIFT_ACTIVE_COMPILATION_CONDITIONS = DEBUG;
				SWIFT_OPTIMIZATION_LEVEL = "-Onone";
			};
			name = Debug;
		};
		0D51334229F97E7A00E7F650 /* Release */ = {
			isa = XCBuildConfiguration;
			buildSettings = {
				ALWAYS_SEARCH_USER_PATHS = NO;
				CLANG_ANALYZER_NONNULL = YES;
				CLANG_ANALYZER_NUMBER_OBJECT_CONVERSION = YES_AGGRESSIVE;
				CLANG_CXX_LANGUAGE_STANDARD = "gnu++20";
				CLANG_ENABLE_MODULES = YES;
				CLANG_ENABLE_OBJC_ARC = YES;
				CLANG_ENABLE_OBJC_WEAK = YES;
				CLANG_WARN_BLOCK_CAPTURE_AUTORELEASING = YES;
				CLANG_WARN_BOOL_CONVERSION = YES;
				CLANG_WARN_COMMA = YES;
				CLANG_WARN_CONSTANT_CONVERSION = YES;
				CLANG_WARN_DEPRECATED_OBJC_IMPLEMENTATIONS = YES;
				CLANG_WARN_DIRECT_OBJC_ISA_USAGE = YES_ERROR;
				CLANG_WARN_DOCUMENTATION_COMMENTS = YES;
				CLANG_WARN_EMPTY_BODY = YES;
				CLANG_WARN_ENUM_CONVERSION = YES;
				CLANG_WARN_INFINITE_RECURSION = YES;
				CLANG_WARN_INT_CONVERSION = YES;
				CLANG_WARN_NON_LITERAL_NULL_CONVERSION = YES;
				CLANG_WARN_OBJC_IMPLICIT_RETAIN_SELF = YES;
				CLANG_WARN_OBJC_LITERAL_CONVERSION = YES;
				CLANG_WARN_OBJC_ROOT_CLASS = YES_ERROR;
				CLANG_WARN_QUOTED_INCLUDE_IN_FRAMEWORK_HEADER = YES;
				CLANG_WARN_RANGE_LOOP_ANALYSIS = YES;
				CLANG_WARN_STRICT_PROTOTYPES = YES;
				CLANG_WARN_SUSPICIOUS_MOVE = YES;
				CLANG_WARN_UNGUARDED_AVAILABILITY = YES_AGGRESSIVE;
				CLANG_WARN_UNREACHABLE_CODE = YES;
				CLANG_WARN__DUPLICATE_METHOD_MATCH = YES;
				COPY_PHASE_STRIP = NO;
				DEBUG_INFORMATION_FORMAT = "dwarf-with-dsym";
				ENABLE_NS_ASSERTIONS = NO;
				ENABLE_STRICT_OBJC_MSGSEND = YES;
				GCC_C_LANGUAGE_STANDARD = gnu11;
				GCC_NO_COMMON_BLOCKS = YES;
				GCC_WARN_64_TO_32_BIT_CONVERSION = YES;
				GCC_WARN_ABOUT_RETURN_TYPE = YES_ERROR;
				GCC_WARN_UNDECLARED_SELECTOR = YES;
				GCC_WARN_UNINITIALIZED_AUTOS = YES_AGGRESSIVE;
				GCC_WARN_UNUSED_FUNCTION = YES;
				GCC_WARN_UNUSED_VARIABLE = YES;
				IPHONEOS_DEPLOYMENT_TARGET = 16.4;
				MTL_ENABLE_DEBUG_INFO = NO;
				MTL_FAST_MATH = YES;
				SDKROOT = iphoneos;
				SWIFT_COMPILATION_MODE = wholemodule;
				SWIFT_OPTIMIZATION_LEVEL = "-O";
				VALIDATE_PRODUCT = YES;
			};
			name = Release;
		};
		0D51334429F97E7A00E7F650 /* Debug */ = {
			isa = XCBuildConfiguration;
			buildSettings = {
				ASSETCATALOG_COMPILER_APPICON_NAME = AppIcon;
				ASSETCATALOG_COMPILER_GLOBAL_ACCENT_COLOR_NAME = AccentColor;
				CODE_SIGN_STYLE = Automatic;
				CURRENT_PROJECT_VERSION = 1;
				DEVELOPMENT_ASSET_PATHS = "\"Encuesta Tuberculosis/Preview Content\"";
				DEVELOPMENT_TEAM = KRND69A632;
				ENABLE_PREVIEWS = YES;
				GENERATE_INFOPLIST_FILE = YES;
				INFOPLIST_KEY_UIApplicationSceneManifest_Generation = YES;
				INFOPLIST_KEY_UIApplicationSupportsIndirectInputEvents = YES;
				INFOPLIST_KEY_UILaunchScreen_Generation = YES;
				INFOPLIST_KEY_UISupportedInterfaceOrientations_iPad = "UIInterfaceOrientationPortrait UIInterfaceOrientationPortraitUpsideDown UIInterfaceOrientationLandscapeLeft UIInterfaceOrientationLandscapeRight";
				INFOPLIST_KEY_UISupportedInterfaceOrientations_iPhone = "UIInterfaceOrientationPortrait UIInterfaceOrientationLandscapeLeft UIInterfaceOrientationLandscapeRight";
				LD_RUNPATH_SEARCH_PATHS = (
					"$(inherited)",
					"@executable_path/Frameworks",
				);
				MARKETING_VERSION = 1.0;
				PRODUCT_BUNDLE_IDENTIFIER = "UNACH.Encuesta-Tuberculosis";
				PRODUCT_NAME = "$(TARGET_NAME)";
				SWIFT_EMIT_LOC_STRINGS = YES;
				SWIFT_VERSION = 5.0;
				TARGETED_DEVICE_FAMILY = "1,2";
			};
			name = Debug;
		};
		0D51334529F97E7A00E7F650 /* Release */ = {
			isa = XCBuildConfiguration;
			buildSettings = {
				ASSETCATALOG_COMPILER_APPICON_NAME = AppIcon;
				ASSETCATALOG_COMPILER_GLOBAL_ACCENT_COLOR_NAME = AccentColor;
				CODE_SIGN_STYLE = Automatic;
				CURRENT_PROJECT_VERSION = 1;
				DEVELOPMENT_ASSET_PATHS = "\"Encuesta Tuberculosis/Preview Content\"";
				DEVELOPMENT_TEAM = KRND69A632;
				ENABLE_PREVIEWS = YES;
				GENERATE_INFOPLIST_FILE = YES;
				INFOPLIST_KEY_UIApplicationSceneManifest_Generation = YES;
				INFOPLIST_KEY_UIApplicationSupportsIndirectInputEvents = YES;
				INFOPLIST_KEY_UILaunchScreen_Generation = YES;
				INFOPLIST_KEY_UISupportedInterfaceOrientations_iPad = "UIInterfaceOrientationPortrait UIInterfaceOrientationPortraitUpsideDown UIInterfaceOrientationLandscapeLeft UIInterfaceOrientationLandscapeRight";
				INFOPLIST_KEY_UISupportedInterfaceOrientations_iPhone = "UIInterfaceOrientationPortrait UIInterfaceOrientationLandscapeLeft UIInterfaceOrientationLandscapeRight";
				LD_RUNPATH_SEARCH_PATHS = (
					"$(inherited)",
					"@executable_path/Frameworks",
				);
				MARKETING_VERSION = 1.0;
				PRODUCT_BUNDLE_IDENTIFIER = "UNACH.Encuesta-Tuberculosis";
				PRODUCT_NAME = "$(TARGET_NAME)";
				SWIFT_EMIT_LOC_STRINGS = YES;
				SWIFT_VERSION = 5.0;
				TARGETED_DEVICE_FAMILY = "1,2";
			};
			name = Release;
		};
/* End XCBuildConfiguration section */

/* Begin XCConfigurationList section */
		0D51332B29F97E7900E7F650 /* Build configuration list for PBXProject "Encuesta Tuberculosis" */ = {
			isa = XCConfigurationList;
			buildConfigurations = (
				0D51334129F97E7A00E7F650 /* Debug */,
				0D51334229F97E7A00E7F650 /* Release */,
			);
			defaultConfigurationIsVisible = 0;
			defaultConfigurationName = Release;
		};
		0D51334329F97E7A00E7F650 /* Build configuration list for PBXNativeTarget "Encuesta Tuberculosis" */ = {
			isa = XCConfigurationList;
			buildConfigurations = (
				0D51334429F97E7A00E7F650 /* Debug */,
				0D51334529F97E7A00E7F650 /* Release */,
			);
			defaultConfigurationIsVisible = 0;
			defaultConfigurationName = Release;
		};
/* End XCConfigurationList section */

/* Begin XCVersionGroup section */
		0D51333E29F97E7A00E7F650 /* Encuesta_Tuberculosis.xcdatamodeld */ = {
			isa = XCVersionGroup;
			children = (
				0D51333F29F97E7A00E7F650 /* Encuesta_Tuberculosis.xcdatamodel */,
			);
			currentVersion = 0D51333F29F97E7A00E7F650 /* Encuesta_Tuberculosis.xcdatamodel */;
			path = Encuesta_Tuberculosis.xcdatamodeld;
			sourceTree = "<group>";
			versionGroupType = wrapper.xcdatamodel;
		};
/* End XCVersionGroup section */
	};
	rootObject = 0D51332829F97E7900E7F650 /* Project object */;
}
